
Microsoft Visual Studio Solution File, Format Version 12.00
# Visual Studio Version 16
VisualStudioVersion = 16.0.32126.315
MinimumVisualStudioVersion = 10.0.40219.1
Project("{FAE04EC0-301F-11D3-BF4B-00C04F79EFBC}") = "VowelLetter", "VowelLetter\VowelLetter.csproj", "{48611A88-771A-44A2-92C2-C7A9F79E90B6}"
EndProject
Global
	GlobalSection(SolutionConfigurationPlatforms) = preSolution
		Debug|Any CPU = Debug|Any CPU
		Release|Any CPU = Release|Any CPU
	EndGlobalSection
	GlobalSection(ProjectConfigurationPlatforms) = postSolution
		{48611A88-771A-44A2-92C2-C7A9F79E90B6}.Debug|Any CPU.ActiveCfg = Debug|Any CPU
		{48611A88-771A-44A2-92C2-C7A9F79E90B6}.Debug|Any CPU.Build.0 = Debug|Any CPU
		{48611A88-771A-44A2-92C2-C7A9F79E90B6}.Release|Any CPU.ActiveCfg = Release|Any CPU
		{48611A88-771A-44A2-92C2-C7A9F79E90B6}.Release|Any CPU.Build.0 = Release|Any CPU
	EndGlobalSection
	GlobalSection(SolutionProperties) = preSolution
		HideSolutionNode = FALSE
	EndGlobalSection
	GlobalSection(ExtensibilityGlobals) = postSolution
		SolutionGuid = {7AE4B9B5-073B-43B4-987D-C66699BA9070}
	EndGlobalSection
EndGlobal
